
Microsoft Visual Studio Solution File, Format Version 12.00
# Visual Studio Version 17
VisualStudioVersion = 17.0.31903.59
MinimumVisualStudioVersion = 10.0.40219.1
Project("{FAE04EC0-301F-11D3-BF4B-00C04F79EFBC}") = "PrimeNumber", "PrimeNumber.csproj", "{5279A58D-62FE-4460-8DAD-2C798D6A5A02}"
EndProject
Global
	GlobalSection(SolutionConfigurationPlatforms) = preSolution
		Debug|Any CPU = Debug|Any CPU
		Release|Any CPU = Release|Any CPU
	EndGlobalSection
	GlobalSection(ProjectConfigurationPlatforms) = postSolution
		{5279A58D-62FE-4460-8DAD-2C798D6A5A02}.Debug|Any CPU.ActiveCfg = Debug|Any CPU
		{5279A58D-62FE-4460-8DAD-2C798D6A5A02}.Debug|Any CPU.Build.0 = Debug|Any CPU
		{5279A58D-62FE-4460-8DAD-2C798D6A5A02}.Release|Any CPU.ActiveCfg = Release|Any CPU
		{5279A58D-62FE-4460-8DAD-2C798D6A5A02}.Release|Any CPU.Build.0 = Release|Any CPU
	EndGlobalSection
	GlobalSection(SolutionProperties) = preSolution
		HideSolutionNode = FALSE
	EndGlobalSection
	GlobalSection(ExtensibilityGlobals) = postSolution
		SolutionGuid = {2B2C713D-CC8B-4888-99DF-A6F360D8B6BD}
	EndGlobalSection
EndGlobal
